
Microsoft Visual Studio Solution File, Format Version 12.00
# Visual Studio Version 16
VisualStudioVersion = 16.0.30104.148
MinimumVisualStudioVersion = 10.0.40219.1
Project("{9A19103F-16F7-4668-BE54-9A1E7A4F7556}") = "BestBuyAPITest", "BestBuyAPITest\BestBuyAPITest.csproj", "{90D1F49C-A19C-45DB-89D1-F7DDC8E08BCA}"
EndProject
Project("{FAE04EC0-301F-11D3-BF4B-00C04F79EFBC}") = "SpotifyAPITest", "SpotifyAPITest\SpotifyAPITest.csproj", "{2E6135B0-BD77-49DA-BC4D-182A101DEFD3}"
EndProject
Global
	GlobalSection(SolutionConfigurationPlatforms) = preSolution
		Debug|Any CPU = Debug|Any CPU
		Release|Any CPU = Release|Any CPU
	EndGlobalSection
	GlobalSection(ProjectConfigurationPlatforms) = postSolution
		{90D1F49C-A19C-45DB-89D1-F7DDC8E08BCA}.Debug|Any CPU.ActiveCfg = Debug|Any CPU
		{90D1F49C-A19C-45DB-89D1-F7DDC8E08BCA}.Debug|Any CPU.Build.0 = Debug|Any CPU
		{90D1F49C-A19C-45DB-89D1-F7DDC8E08BCA}.Release|Any CPU.ActiveCfg = Release|Any CPU
		{90D1F49C-A19C-45DB-89D1-F7DDC8E08BCA}.Release|Any CPU.Build.0 = Release|Any CPU
		{2E6135B0-BD77-49DA-BC4D-182A101DEFD3}.Debug|Any CPU.ActiveCfg = Debug|Any CPU
		{2E6135B0-BD77-49DA-BC4D-182A101DEFD3}.Debug|Any CPU.Build.0 = Debug|Any CPU
		{2E6135B0-BD77-49DA-BC4D-182A101DEFD3}.Release|Any CPU.ActiveCfg = Release|Any CPU
		{2E6135B0-BD77-49DA-BC4D-182A101DEFD3}.Release|Any CPU.Build.0 = Release|Any CPU
	EndGlobalSection
	GlobalSection(SolutionProperties) = preSolution
		HideSolutionNode = FALSE
	EndGlobalSection
	GlobalSection(ExtensibilityGlobals) = postSolution
		SolutionGuid = {EFBF2D23-4504-4EE7-BC14-1C3ADC4D9C53}
	EndGlobalSection
EndGlobal
