
Microsoft Visual Studio Solution File, Format Version 12.00
# Visual Studio Version 16
VisualStudioVersion = 16.0.30104.148
MinimumVisualStudioVersion = 10.0.40219.1
Project("{FAE04EC0-301F-11D3-BF4B-00C04F79EFBC}") = "BestBuyApplicationTest", "BestBuyApplicationTest\BestBuyApplicationTest.csproj", "{3BD6F1ED-E9E3-4BEF-B151-737316416F53}"
	ProjectSection(ProjectDependencies) = postProject
		{EF318703-3BCA-4F30-9422-4C3391E1616B} = {EF318703-3BCA-4F30-9422-4C3391E1616B}
		{5E39D4E5-97C9-4966-9111-8F27B50CA48D} = {5E39D4E5-97C9-4966-9111-8F27B50CA48D}
	EndProjectSection
EndProject
Project("{FAE04EC0-301F-11D3-BF4B-00C04F79EFBC}") = "CommonLibs", "CommonLibs\CommonLibs.csproj", "{EF318703-3BCA-4F30-9422-4C3391E1616B}"
EndProject
Project("{FAE04EC0-301F-11D3-BF4B-00C04F79EFBC}") = "BestBuyApp", "BestBuyApp\BestBuyApp.csproj", "{5E39D4E5-97C9-4966-9111-8F27B50CA48D}"
EndProject
Global
	GlobalSection(SolutionConfigurationPlatforms) = preSolution
		Debug|Any CPU = Debug|Any CPU
		Release|Any CPU = Release|Any CPU
	EndGlobalSection
	GlobalSection(ProjectConfigurationPlatforms) = postSolution
		{3BD6F1ED-E9E3-4BEF-B151-737316416F53}.Debug|Any CPU.ActiveCfg = Debug|Any CPU
		{3BD6F1ED-E9E3-4BEF-B151-737316416F53}.Debug|Any CPU.Build.0 = Debug|Any CPU
		{3BD6F1ED-E9E3-4BEF-B151-737316416F53}.Release|Any CPU.ActiveCfg = Release|Any CPU
		{3BD6F1ED-E9E3-4BEF-B151-737316416F53}.Release|Any CPU.Build.0 = Release|Any CPU
		{EF318703-3BCA-4F30-9422-4C3391E1616B}.Debug|Any CPU.ActiveCfg = Debug|Any CPU
		{EF318703-3BCA-4F30-9422-4C3391E1616B}.Debug|Any CPU.Build.0 = Debug|Any CPU
		{EF318703-3BCA-4F30-9422-4C3391E1616B}.Release|Any CPU.ActiveCfg = Release|Any CPU
		{EF318703-3BCA-4F30-9422-4C3391E1616B}.Release|Any CPU.Build.0 = Release|Any CPU
		{5E39D4E5-97C9-4966-9111-8F27B50CA48D}.Debug|Any CPU.ActiveCfg = Debug|Any CPU
		{5E39D4E5-97C9-4966-9111-8F27B50CA48D}.Debug|Any CPU.Build.0 = Debug|Any CPU
		{5E39D4E5-97C9-4966-9111-8F27B50CA48D}.Release|Any CPU.ActiveCfg = Release|Any CPU
		{5E39D4E5-97C9-4966-9111-8F27B50CA48D}.Release|Any CPU.Build.0 = Release|Any CPU
	EndGlobalSection
	GlobalSection(SolutionProperties) = preSolution
		HideSolutionNode = FALSE
	EndGlobalSection
	GlobalSection(ExtensibilityGlobals) = postSolution
		SolutionGuid = {D9921242-0E24-49FB-AFBF-754D68A65A67}
	EndGlobalSection
EndGlobal
